
Microsoft Visual Studio Solution File, Format Version 12.00
# Visual Studio 15
VisualStudioVersion = 15.0.28307.271
MinimumVisualStudioVersion = 10.0.40219.1
Project("{FAE04EC0-301F-11D3-BF4B-00C04F79EFBC}") = "WcfDemo.Application", "WcfDemo.Application\WcfDemo.Application.csproj", "{4AB51734-A5B7-4833-BB5E-18D0014CC973}"
EndProject
Global
	GlobalSection(SolutionConfigurationPlatforms) = preSolution
		Debug|Any CPU = Debug|Any CPU
		Release|Any CPU = Release|Any CPU
	EndGlobalSection
	GlobalSection(ProjectConfigurationPlatforms) = postSolution
		{4AB51734-A5B7-4833-BB5E-18D0014CC973}.Debug|Any CPU.ActiveCfg = Debug|Any CPU
		{4AB51734-A5B7-4833-BB5E-18D0014CC973}.Debug|Any CPU.Build.0 = Debug|Any CPU
		{4AB51734-A5B7-4833-BB5E-18D0014CC973}.Release|Any CPU.ActiveCfg = Release|Any CPU
		{4AB51734-A5B7-4833-BB5E-18D0014CC973}.Release|Any CPU.Build.0 = Release|Any CPU
	EndGlobalSection
	GlobalSection(SolutionProperties) = preSolution
		HideSolutionNode = FALSE
	EndGlobalSection
	GlobalSection(ExtensibilityGlobals) = postSolution
		SolutionGuid = {F1B0A1C0-65C4-4CEB-9470-261396B0DB69}
	EndGlobalSection
EndGlobal
